
Microsoft Visual Studio Solution File, Format Version 12.00
# Visual Studio Version 17
VisualStudioVersion = 17.6.33829.357
MinimumVisualStudioVersion = 10.0.40219.1
Project("{2150E333-8FDC-42A3-9474-1A3956D46DE8}") = "src", "src", "{035ADD59-4ABA-4BED-989D-88BB65D5860C}"
EndProject
Project("{2150E333-8FDC-42A3-9474-1A3956D46DE8}") = "core", "core", "{3479A26D-082F-4DD8-A4AB-1A7EBF33F0FF}"
EndProject
Project("{2150E333-8FDC-42A3-9474-1A3956D46DE8}") = "myApp", "myApp", "{8CDE2043-1F0D-4C32-ACF0-C8F5E8F559F7}"
EndProject
Project("{FAE04EC0-301F-11D3-BF4B-00C04F79EFBC}") = "Core.Application", "src\core\Core.Application\Core.Application.csproj", "{0DC3466C-863B-43D8-A2D3-A04FDD461D57}"
EndProject
Project("{FAE04EC0-301F-11D3-BF4B-00C04F79EFBC}") = "Core.CrossCuttingConcerns", "src\core\Core.CrossCuttingConcerns\Core.CrossCuttingConcerns.csproj", "{58BF7569-49EA-4CC5-9A00-1C9B95BF1F9F}"
EndProject
Project("{FAE04EC0-301F-11D3-BF4B-00C04F79EFBC}") = "Core.Persistence", "src\core\Core.Persistence\Core.Persistence.csproj", "{821D00D5-0289-433B-87F6-0815D83F7B84}"
EndProject
Project("{FAE04EC0-301F-11D3-BF4B-00C04F79EFBC}") = "Core.Security", "src\core\Core.Security\Core.Security.csproj", "{D208D3C3-3D1D-42A0-8A25-80AA66A5A654}"
EndProject
Project("{FAE04EC0-301F-11D3-BF4B-00C04F79EFBC}") = "WebAPI", "src\myApp\WebAPI\WebAPI.csproj", "{CCC9EBFF-21B4-4700-A389-2320F5B75923}"
EndProject
Project("{FAE04EC0-301F-11D3-BF4B-00C04F79EFBC}") = "Application", "src\myApp\Application\Application.csproj", "{1A4DE2EF-F450-449B-A9DC-8BC5EC25F761}"
EndProject
Project("{FAE04EC0-301F-11D3-BF4B-00C04F79EFBC}") = "Domain", "src\myApp\Domain\Domain.csproj", "{5B13EDC7-A8F6-4D1B-A4C8-5085CBB33D19}"
EndProject
Project("{FAE04EC0-301F-11D3-BF4B-00C04F79EFBC}") = "Infrastructure", "src\myApp\Infrastructure\Infrastructure.csproj", "{D7D12EAF-A611-4ABC-9278-5F6746DDB26A}"
EndProject
Project("{FAE04EC0-301F-11D3-BF4B-00C04F79EFBC}") = "Persistence", "src\myApp\Persistence\Persistence.csproj", "{52AF4E74-9053-4108-9BFB-EB32935650EE}"
EndProject
Global
	GlobalSection(SolutionConfigurationPlatforms) = preSolution
		Debug|Any CPU = Debug|Any CPU
		Release|Any CPU = Release|Any CPU
	EndGlobalSection
	GlobalSection(ProjectConfigurationPlatforms) = postSolution
		{0DC3466C-863B-43D8-A2D3-A04FDD461D57}.Debug|Any CPU.ActiveCfg = Debug|Any CPU
		{0DC3466C-863B-43D8-A2D3-A04FDD461D57}.Debug|Any CPU.Build.0 = Debug|Any CPU
		{0DC3466C-863B-43D8-A2D3-A04FDD461D57}.Release|Any CPU.ActiveCfg = Release|Any CPU
		{0DC3466C-863B-43D8-A2D3-A04FDD461D57}.Release|Any CPU.Build.0 = Release|Any CPU
		{58BF7569-49EA-4CC5-9A00-1C9B95BF1F9F}.Debug|Any CPU.ActiveCfg = Debug|Any CPU
		{58BF7569-49EA-4CC5-9A00-1C9B95BF1F9F}.Debug|Any CPU.Build.0 = Debug|Any CPU
		{58BF7569-49EA-4CC5-9A00-1C9B95BF1F9F}.Release|Any CPU.ActiveCfg = Release|Any CPU
		{58BF7569-49EA-4CC5-9A00-1C9B95BF1F9F}.Release|Any CPU.Build.0 = Release|Any CPU
		{821D00D5-0289-433B-87F6-0815D83F7B84}.Debug|Any CPU.ActiveCfg = Debug|Any CPU
		{821D00D5-0289-433B-87F6-0815D83F7B84}.Debug|Any CPU.Build.0 = Debug|Any CPU
		{821D00D5-0289-433B-87F6-0815D83F7B84}.Release|Any CPU.ActiveCfg = Release|Any CPU
		{821D00D5-0289-433B-87F6-0815D83F7B84}.Release|Any CPU.Build.0 = Release|Any CPU
		{D208D3C3-3D1D-42A0-8A25-80AA66A5A654}.Debug|Any CPU.ActiveCfg = Debug|Any CPU
		{D208D3C3-3D1D-42A0-8A25-80AA66A5A654}.Debug|Any CPU.Build.0 = Debug|Any CPU
		{D208D3C3-3D1D-42A0-8A25-80AA66A5A654}.Release|Any CPU.ActiveCfg = Release|Any CPU
		{D208D3C3-3D1D-42A0-8A25-80AA66A5A654}.Release|Any CPU.Build.0 = Release|Any CPU
		{CCC9EBFF-21B4-4700-A389-2320F5B75923}.Debug|Any CPU.ActiveCfg = Debug|Any CPU
		{CCC9EBFF-21B4-4700-A389-2320F5B75923}.Debug|Any CPU.Build.0 = Debug|Any CPU
		{CCC9EBFF-21B4-4700-A389-2320F5B75923}.Release|Any CPU.ActiveCfg = Release|Any CPU
		{CCC9EBFF-21B4-4700-A389-2320F5B75923}.Release|Any CPU.Build.0 = Release|Any CPU
		{1A4DE2EF-F450-449B-A9DC-8BC5EC25F761}.Debug|Any CPU.ActiveCfg = Debug|Any CPU
		{1A4DE2EF-F450-449B-A9DC-8BC5EC25F761}.Debug|Any CPU.Build.0 = Debug|Any CPU
		{1A4DE2EF-F450-449B-A9DC-8BC5EC25F761}.Release|Any CPU.ActiveCfg = Release|Any CPU
		{1A4DE2EF-F450-449B-A9DC-8BC5EC25F761}.Release|Any CPU.Build.0 = Release|Any CPU
		{5B13EDC7-A8F6-4D1B-A4C8-5085CBB33D19}.Debug|Any CPU.ActiveCfg = Debug|Any CPU
		{5B13EDC7-A8F6-4D1B-A4C8-5085CBB33D19}.Debug|Any CPU.Build.0 = Debug|Any CPU
		{5B13EDC7-A8F6-4D1B-A4C8-5085CBB33D19}.Release|Any CPU.ActiveCfg = Release|Any CPU
		{5B13EDC7-A8F6-4D1B-A4C8-5085CBB33D19}.Release|Any CPU.Build.0 = Release|Any CPU
		{D7D12EAF-A611-4ABC-9278-5F6746DDB26A}.Debug|Any CPU.ActiveCfg = Debug|Any CPU
		{D7D12EAF-A611-4ABC-9278-5F6746DDB26A}.Debug|Any CPU.Build.0 = Debug|Any CPU
		{D7D12EAF-A611-4ABC-9278-5F6746DDB26A}.Release|Any CPU.ActiveCfg = Release|Any CPU
		{D7D12EAF-A611-4ABC-9278-5F6746DDB26A}.Release|Any CPU.Build.0 = Release|Any CPU
		{52AF4E74-9053-4108-9BFB-EB32935650EE}.Debug|Any CPU.ActiveCfg = Debug|Any CPU
		{52AF4E74-9053-4108-9BFB-EB32935650EE}.Debug|Any CPU.Build.0 = Debug|Any CPU
		{52AF4E74-9053-4108-9BFB-EB32935650EE}.Release|Any CPU.ActiveCfg = Release|Any CPU
		{52AF4E74-9053-4108-9BFB-EB32935650EE}.Release|Any CPU.Build.0 = Release|Any CPU
	EndGlobalSection
	GlobalSection(SolutionProperties) = preSolution
		HideSolutionNode = FALSE
	EndGlobalSection
	GlobalSection(NestedProjects) = preSolution
		{3479A26D-082F-4DD8-A4AB-1A7EBF33F0FF} = {035ADD59-4ABA-4BED-989D-88BB65D5860C}
		{8CDE2043-1F0D-4C32-ACF0-C8F5E8F559F7} = {035ADD59-4ABA-4BED-989D-88BB65D5860C}
		{0DC3466C-863B-43D8-A2D3-A04FDD461D57} = {3479A26D-082F-4DD8-A4AB-1A7EBF33F0FF}
		{58BF7569-49EA-4CC5-9A00-1C9B95BF1F9F} = {3479A26D-082F-4DD8-A4AB-1A7EBF33F0FF}
		{821D00D5-0289-433B-87F6-0815D83F7B84} = {3479A26D-082F-4DD8-A4AB-1A7EBF33F0FF}
		{D208D3C3-3D1D-42A0-8A25-80AA66A5A654} = {3479A26D-082F-4DD8-A4AB-1A7EBF33F0FF}
		{CCC9EBFF-21B4-4700-A389-2320F5B75923} = {8CDE2043-1F0D-4C32-ACF0-C8F5E8F559F7}
		{1A4DE2EF-F450-449B-A9DC-8BC5EC25F761} = {8CDE2043-1F0D-4C32-ACF0-C8F5E8F559F7}
		{5B13EDC7-A8F6-4D1B-A4C8-5085CBB33D19} = {8CDE2043-1F0D-4C32-ACF0-C8F5E8F559F7}
		{D7D12EAF-A611-4ABC-9278-5F6746DDB26A} = {8CDE2043-1F0D-4C32-ACF0-C8F5E8F559F7}
		{52AF4E74-9053-4108-9BFB-EB32935650EE} = {8CDE2043-1F0D-4C32-ACF0-C8F5E8F559F7}
	EndGlobalSection
	GlobalSection(ExtensibilityGlobals) = postSolution
		SolutionGuid = {91DCB7A1-711F-497C-BBC7-3CC2D735E1B4}
	EndGlobalSection
EndGlobal
